
Microsoft Visual Studio Solution File, Format Version 12.00
# Visual Studio Version 17
VisualStudioVersion = 17.3.32922.545
MinimumVisualStudioVersion = 10.0.40219.1
Project("{2150E333-8FDC-42A3-9474-1A3956D46DE8}") = "CarteiraService", "CarteiraService", "{71B3D34E-8E02-4108-BE6F-D64433A1BE5B}"
EndProject
Project("{2150E333-8FDC-42A3-9474-1A3956D46DE8}") = "Core", "Core", "{0E3BF221-7B1D-4B30-B559-6C246CB1D50B}"
EndProject
Project("{2150E333-8FDC-42A3-9474-1A3956D46DE8}") = "Application", "Application", "{CB765B38-B3BC-4CD8-B616-5B29DFD12156}"
EndProject
Project("{2150E333-8FDC-42A3-9474-1A3956D46DE8}") = "Domain", "Domain", "{FC58BF4C-535B-4347-A801-1D0C97ED1D22}"
EndProject
Project("{2150E333-8FDC-42A3-9474-1A3956D46DE8}") = "Adapters", "Adapters", "{C7E061E0-3201-4962-AA06-029239267170}"
EndProject
Project("{2150E333-8FDC-42A3-9474-1A3956D46DE8}") = "Consumers", "Consumers", "{E52CBCCE-53F3-4140-B422-A6945DFAA69C}"
EndProject
Project("{9A19103F-16F7-4668-BE54-9A1E7A4F7556}") = "Domain", "CarteiraService\Core\Domain\Domain.csproj", "{7EF05A4A-9224-4400-8D6E-2A216453E74A}"
EndProject
Project("{9A19103F-16F7-4668-BE54-9A1E7A4F7556}") = "Application", "CarteiraService\Core\Application\Application.csproj", "{B928C65B-82FC-4904-8FF2-ED9354734428}"
EndProject
Project("{9A19103F-16F7-4668-BE54-9A1E7A4F7556}") = "Data", "CarteiraService\Adapters\Data\Data.csproj", "{8E1EE494-6925-41B6-957A-2FE41E9E3DD8}"
EndProject
Project("{9A19103F-16F7-4668-BE54-9A1E7A4F7556}") = "API", "CarteiraService\Consumers\API\API.csproj", "{2CDB192B-91AD-45FD-9EFC-28C32D0969BF}"
EndProject
Project("{2150E333-8FDC-42A3-9474-1A3956D46DE8}") = "Tests", "Tests", "{D0B13069-FFB5-42C1-B060-D2540D79B79A}"
EndProject
Project("{2150E333-8FDC-42A3-9474-1A3956D46DE8}") = "Adapters", "Adapters", "{BAB50342-3EAA-477A-BE4F-A4C2D50AA661}"
EndProject
Project("{2150E333-8FDC-42A3-9474-1A3956D46DE8}") = "Consumers", "Consumers", "{9586C9E8-DEA9-406C-90B8-40AAA4944E16}"
EndProject
Project("{2150E333-8FDC-42A3-9474-1A3956D46DE8}") = "Core", "Core", "{42E8991A-2F87-4254-95A9-D1E232206CA5}"
EndProject
Project("{2150E333-8FDC-42A3-9474-1A3956D46DE8}") = "Application", "Application", "{DA6B31EC-D470-4F8B-8FC8-2355E9D5C988}"
EndProject
Project("{2150E333-8FDC-42A3-9474-1A3956D46DE8}") = "Domain", "Domain", "{0EE737F6-71A3-48BE-BE65-043486142525}"
EndProject
Project("{FAE04EC0-301F-11D3-BF4B-00C04F79EFBC}") = "DomainTests", "CarteiraService\Tests\Core\DomainTests\DomainTests.csproj", "{38EB72B1-8D41-4321-AAD5-B67622C27795}"
EndProject
Project("{FAE04EC0-301F-11D3-BF4B-00C04F79EFBC}") = "ApplicationTests", "CarteiraService\Tests\Core\ApplicationTests\ApplicationTests.csproj", "{B7EB112C-3962-4C12-AA88-C591D5F6D3A5}"
EndProject
Project("{FAE04EC0-301F-11D3-BF4B-00C04F79EFBC}") = "AdaptersTests", "CarteiraService\Tests\Adapters\AdaptersTests\AdaptersTests.csproj", "{A2D03A82-B23F-402E-B0F6-F86972BCEB43}"
EndProject
Project("{FAE04EC0-301F-11D3-BF4B-00C04F79EFBC}") = "ConsumersTests", "CarteiraService\Tests\Consumers\ConsumersTests\ConsumersTests.csproj", "{072A2D5E-6B5B-43FF-821F-295F6F22A727}"
EndProject
Project("{E53339B2-1760-4266-BCC7-CA923CBCF16C}") = "docker-compose", "docker-compose.dcproj", "{37E825CA-543A-4BE0-8BEB-4177C45F18FC}"
EndProject
Global
	GlobalSection(SolutionConfigurationPlatforms) = preSolution
		Debug|Any CPU = Debug|Any CPU
		Release|Any CPU = Release|Any CPU
	EndGlobalSection
	GlobalSection(ProjectConfigurationPlatforms) = postSolution
		{7EF05A4A-9224-4400-8D6E-2A216453E74A}.Debug|Any CPU.ActiveCfg = Debug|Any CPU
		{7EF05A4A-9224-4400-8D6E-2A216453E74A}.Debug|Any CPU.Build.0 = Debug|Any CPU
		{7EF05A4A-9224-4400-8D6E-2A216453E74A}.Release|Any CPU.ActiveCfg = Release|Any CPU
		{7EF05A4A-9224-4400-8D6E-2A216453E74A}.Release|Any CPU.Build.0 = Release|Any CPU
		{B928C65B-82FC-4904-8FF2-ED9354734428}.Debug|Any CPU.ActiveCfg = Debug|Any CPU
		{B928C65B-82FC-4904-8FF2-ED9354734428}.Debug|Any CPU.Build.0 = Debug|Any CPU
		{B928C65B-82FC-4904-8FF2-ED9354734428}.Release|Any CPU.ActiveCfg = Release|Any CPU
		{B928C65B-82FC-4904-8FF2-ED9354734428}.Release|Any CPU.Build.0 = Release|Any CPU
		{8E1EE494-6925-41B6-957A-2FE41E9E3DD8}.Debug|Any CPU.ActiveCfg = Debug|Any CPU
		{8E1EE494-6925-41B6-957A-2FE41E9E3DD8}.Debug|Any CPU.Build.0 = Debug|Any CPU
		{8E1EE494-6925-41B6-957A-2FE41E9E3DD8}.Release|Any CPU.ActiveCfg = Release|Any CPU
		{8E1EE494-6925-41B6-957A-2FE41E9E3DD8}.Release|Any CPU.Build.0 = Release|Any CPU
		{2CDB192B-91AD-45FD-9EFC-28C32D0969BF}.Debug|Any CPU.ActiveCfg = Debug|Any CPU
		{2CDB192B-91AD-45FD-9EFC-28C32D0969BF}.Debug|Any CPU.Build.0 = Debug|Any CPU
		{2CDB192B-91AD-45FD-9EFC-28C32D0969BF}.Release|Any CPU.ActiveCfg = Release|Any CPU
		{2CDB192B-91AD-45FD-9EFC-28C32D0969BF}.Release|Any CPU.Build.0 = Release|Any CPU
		{38EB72B1-8D41-4321-AAD5-B67622C27795}.Debug|Any CPU.ActiveCfg = Debug|Any CPU
		{38EB72B1-8D41-4321-AAD5-B67622C27795}.Debug|Any CPU.Build.0 = Debug|Any CPU
		{38EB72B1-8D41-4321-AAD5-B67622C27795}.Release|Any CPU.ActiveCfg = Release|Any CPU
		{38EB72B1-8D41-4321-AAD5-B67622C27795}.Release|Any CPU.Build.0 = Release|Any CPU
		{B7EB112C-3962-4C12-AA88-C591D5F6D3A5}.Debug|Any CPU.ActiveCfg = Debug|Any CPU
		{B7EB112C-3962-4C12-AA88-C591D5F6D3A5}.Debug|Any CPU.Build.0 = Debug|Any CPU
		{B7EB112C-3962-4C12-AA88-C591D5F6D3A5}.Release|Any CPU.ActiveCfg = Release|Any CPU
		{B7EB112C-3962-4C12-AA88-C591D5F6D3A5}.Release|Any CPU.Build.0 = Release|Any CPU
		{A2D03A82-B23F-402E-B0F6-F86972BCEB43}.Debug|Any CPU.ActiveCfg = Debug|Any CPU
		{A2D03A82-B23F-402E-B0F6-F86972BCEB43}.Debug|Any CPU.Build.0 = Debug|Any CPU
		{A2D03A82-B23F-402E-B0F6-F86972BCEB43}.Release|Any CPU.ActiveCfg = Release|Any CPU
		{A2D03A82-B23F-402E-B0F6-F86972BCEB43}.Release|Any CPU.Build.0 = Release|Any CPU
		{072A2D5E-6B5B-43FF-821F-295F6F22A727}.Debug|Any CPU.ActiveCfg = Debug|Any CPU
		{072A2D5E-6B5B-43FF-821F-295F6F22A727}.Debug|Any CPU.Build.0 = Debug|Any CPU
		{072A2D5E-6B5B-43FF-821F-295F6F22A727}.Release|Any CPU.ActiveCfg = Release|Any CPU
		{072A2D5E-6B5B-43FF-821F-295F6F22A727}.Release|Any CPU.Build.0 = Release|Any CPU
		{37E825CA-543A-4BE0-8BEB-4177C45F18FC}.Debug|Any CPU.ActiveCfg = Debug|Any CPU
		{37E825CA-543A-4BE0-8BEB-4177C45F18FC}.Debug|Any CPU.Build.0 = Debug|Any CPU
		{37E825CA-543A-4BE0-8BEB-4177C45F18FC}.Release|Any CPU.ActiveCfg = Release|Any CPU
		{37E825CA-543A-4BE0-8BEB-4177C45F18FC}.Release|Any CPU.Build.0 = Release|Any CPU
	EndGlobalSection
	GlobalSection(SolutionProperties) = preSolution
		HideSolutionNode = FALSE
	EndGlobalSection
	GlobalSection(NestedProjects) = preSolution
		{0E3BF221-7B1D-4B30-B559-6C246CB1D50B} = {71B3D34E-8E02-4108-BE6F-D64433A1BE5B}
		{CB765B38-B3BC-4CD8-B616-5B29DFD12156} = {0E3BF221-7B1D-4B30-B559-6C246CB1D50B}
		{FC58BF4C-535B-4347-A801-1D0C97ED1D22} = {0E3BF221-7B1D-4B30-B559-6C246CB1D50B}
		{C7E061E0-3201-4962-AA06-029239267170} = {71B3D34E-8E02-4108-BE6F-D64433A1BE5B}
		{E52CBCCE-53F3-4140-B422-A6945DFAA69C} = {71B3D34E-8E02-4108-BE6F-D64433A1BE5B}
		{7EF05A4A-9224-4400-8D6E-2A216453E74A} = {FC58BF4C-535B-4347-A801-1D0C97ED1D22}
		{B928C65B-82FC-4904-8FF2-ED9354734428} = {CB765B38-B3BC-4CD8-B616-5B29DFD12156}
		{8E1EE494-6925-41B6-957A-2FE41E9E3DD8} = {C7E061E0-3201-4962-AA06-029239267170}
		{2CDB192B-91AD-45FD-9EFC-28C32D0969BF} = {E52CBCCE-53F3-4140-B422-A6945DFAA69C}
		{D0B13069-FFB5-42C1-B060-D2540D79B79A} = {71B3D34E-8E02-4108-BE6F-D64433A1BE5B}
		{BAB50342-3EAA-477A-BE4F-A4C2D50AA661} = {D0B13069-FFB5-42C1-B060-D2540D79B79A}
		{9586C9E8-DEA9-406C-90B8-40AAA4944E16} = {D0B13069-FFB5-42C1-B060-D2540D79B79A}
		{42E8991A-2F87-4254-95A9-D1E232206CA5} = {D0B13069-FFB5-42C1-B060-D2540D79B79A}
		{DA6B31EC-D470-4F8B-8FC8-2355E9D5C988} = {42E8991A-2F87-4254-95A9-D1E232206CA5}
		{0EE737F6-71A3-48BE-BE65-043486142525} = {42E8991A-2F87-4254-95A9-D1E232206CA5}
		{38EB72B1-8D41-4321-AAD5-B67622C27795} = {0EE737F6-71A3-48BE-BE65-043486142525}
		{B7EB112C-3962-4C12-AA88-C591D5F6D3A5} = {DA6B31EC-D470-4F8B-8FC8-2355E9D5C988}
		{A2D03A82-B23F-402E-B0F6-F86972BCEB43} = {BAB50342-3EAA-477A-BE4F-A4C2D50AA661}
		{072A2D5E-6B5B-43FF-821F-295F6F22A727} = {9586C9E8-DEA9-406C-90B8-40AAA4944E16}
	EndGlobalSection
	GlobalSection(ExtensibilityGlobals) = postSolution
		SolutionGuid = {22C5205F-63E1-4745-9060-266A7CA202A0}
	EndGlobalSection
EndGlobal
