
Microsoft Visual Studio Solution File, Format Version 12.00
# Visual Studio Version 17
VisualStudioVersion = 17.3.32922.545
MinimumVisualStudioVersion = 10.0.40219.1
Project("{2150E333-8FDC-42A3-9474-1A3956D46DE8}") = "CarteiraService", "CarteiraService", "{71B3D34E-8E02-4108-BE6F-D64433A1BE5B}"
EndProject
Project("{2150E333-8FDC-42A3-9474-1A3956D46DE8}") = "Core", "Core", "{0E3BF221-7B1D-4B30-B559-6C246CB1D50B}"
EndProject
Project("{2150E333-8FDC-42A3-9474-1A3956D46DE8}") = "Application", "Application", "{CB765B38-B3BC-4CD8-B616-5B29DFD12156}"
EndProject
Project("{2150E333-8FDC-42A3-9474-1A3956D46DE8}") = "Domain", "Domain", "{FC58BF4C-535B-4347-A801-1D0C97ED1D22}"
EndProject
Project("{2150E333-8FDC-42A3-9474-1A3956D46DE8}") = "Adapters", "Adapters", "{C7E061E0-3201-4962-AA06-029239267170}"
EndProject
Project("{2150E333-8FDC-42A3-9474-1A3956D46DE8}") = "Consumers", "Consumers", "{E52CBCCE-53F3-4140-B422-A6945DFAA69C}"
EndProject
Project("{FAE04EC0-301F-11D3-BF4B-00C04F79EFBC}") = "Domain", "CarteiraService\Core\Domain\Domain.csproj", "{7EF05A4A-9224-4400-8D6E-2A216453E74A}"
EndProject
Project("{FAE04EC0-301F-11D3-BF4B-00C04F79EFBC}") = "Application", "CarteiraService\Core\Application\Application.csproj", "{B928C65B-82FC-4904-8FF2-ED9354734428}"
EndProject
Project("{FAE04EC0-301F-11D3-BF4B-00C04F79EFBC}") = "Data", "CarteiraService\Adapters\Data\Data.csproj", "{8E1EE494-6925-41B6-957A-2FE41E9E3DD8}"
EndProject
Project("{FAE04EC0-301F-11D3-BF4B-00C04F79EFBC}") = "API", "CarteiraService\Consumers\API\API.csproj", "{2CDB192B-91AD-45FD-9EFC-28C32D0969BF}"
EndProject
Global
	GlobalSection(SolutionConfigurationPlatforms) = preSolution
		Debug|Any CPU = Debug|Any CPU
		Release|Any CPU = Release|Any CPU
	EndGlobalSection
	GlobalSection(ProjectConfigurationPlatforms) = postSolution
		{7EF05A4A-9224-4400-8D6E-2A216453E74A}.Debug|Any CPU.ActiveCfg = Debug|Any CPU
		{7EF05A4A-9224-4400-8D6E-2A216453E74A}.Debug|Any CPU.Build.0 = Debug|Any CPU
		{7EF05A4A-9224-4400-8D6E-2A216453E74A}.Release|Any CPU.ActiveCfg = Release|Any CPU
		{7EF05A4A-9224-4400-8D6E-2A216453E74A}.Release|Any CPU.Build.0 = Release|Any CPU
		{B928C65B-82FC-4904-8FF2-ED9354734428}.Debug|Any CPU.ActiveCfg = Debug|Any CPU
		{B928C65B-82FC-4904-8FF2-ED9354734428}.Debug|Any CPU.Build.0 = Debug|Any CPU
		{B928C65B-82FC-4904-8FF2-ED9354734428}.Release|Any CPU.ActiveCfg = Release|Any CPU
		{B928C65B-82FC-4904-8FF2-ED9354734428}.Release|Any CPU.Build.0 = Release|Any CPU
		{8E1EE494-6925-41B6-957A-2FE41E9E3DD8}.Debug|Any CPU.ActiveCfg = Debug|Any CPU
		{8E1EE494-6925-41B6-957A-2FE41E9E3DD8}.Debug|Any CPU.Build.0 = Debug|Any CPU
		{8E1EE494-6925-41B6-957A-2FE41E9E3DD8}.Release|Any CPU.ActiveCfg = Release|Any CPU
		{8E1EE494-6925-41B6-957A-2FE41E9E3DD8}.Release|Any CPU.Build.0 = Release|Any CPU
		{2CDB192B-91AD-45FD-9EFC-28C32D0969BF}.Debug|Any CPU.ActiveCfg = Debug|Any CPU
		{2CDB192B-91AD-45FD-9EFC-28C32D0969BF}.Debug|Any CPU.Build.0 = Debug|Any CPU
		{2CDB192B-91AD-45FD-9EFC-28C32D0969BF}.Release|Any CPU.ActiveCfg = Release|Any CPU
		{2CDB192B-91AD-45FD-9EFC-28C32D0969BF}.Release|Any CPU.Build.0 = Release|Any CPU
	EndGlobalSection
	GlobalSection(SolutionProperties) = preSolution
		HideSolutionNode = FALSE
	EndGlobalSection
	GlobalSection(NestedProjects) = preSolution
		{0E3BF221-7B1D-4B30-B559-6C246CB1D50B} = {71B3D34E-8E02-4108-BE6F-D64433A1BE5B}
		{CB765B38-B3BC-4CD8-B616-5B29DFD12156} = {0E3BF221-7B1D-4B30-B559-6C246CB1D50B}
		{FC58BF4C-535B-4347-A801-1D0C97ED1D22} = {0E3BF221-7B1D-4B30-B559-6C246CB1D50B}
		{C7E061E0-3201-4962-AA06-029239267170} = {71B3D34E-8E02-4108-BE6F-D64433A1BE5B}
		{E52CBCCE-53F3-4140-B422-A6945DFAA69C} = {71B3D34E-8E02-4108-BE6F-D64433A1BE5B}
		{7EF05A4A-9224-4400-8D6E-2A216453E74A} = {FC58BF4C-535B-4347-A801-1D0C97ED1D22}
		{B928C65B-82FC-4904-8FF2-ED9354734428} = {CB765B38-B3BC-4CD8-B616-5B29DFD12156}
		{8E1EE494-6925-41B6-957A-2FE41E9E3DD8} = {C7E061E0-3201-4962-AA06-029239267170}
		{2CDB192B-91AD-45FD-9EFC-28C32D0969BF} = {E52CBCCE-53F3-4140-B422-A6945DFAA69C}
	EndGlobalSection
	GlobalSection(ExtensibilityGlobals) = postSolution
		SolutionGuid = {22C5205F-63E1-4745-9060-266A7CA202A0}
	EndGlobalSection
EndGlobal
